// !$*UTF8*$!
{
	archiveVersion = 1;
	classes = {
	};
	objectVersion = 51;
	objects = {

/* Begin PBXBuildFile section */
		BC42757C26F48E1400D3FD47 /* UILabel+Extension.m in Sources */ = {isa = PBXBuildFile; fileRef = BC42757B26F48E1400D3FD47 /* UILabel+Extension.m */; };
		BC42757F26F48FFC00D3FD47 /* UIImageView+Extension.m in Sources */ = {isa = PBXBuildFile; fileRef = BC42757E26F48FFC00D3FD47 /* UIImageView+Extension.m */; };
		BC49F2E5271429210094DD7C /* Status.m in Sources */ = {isa = PBXBuildFile; fileRef = BC49F2E4271429210094DD7C /* Status.m */; };
		BC4BBFFA2728FA100097D62A /* StatusViewModel.m in Sources */ = {isa = PBXBuildFile; fileRef = BC4BBFF92728FA100097D62A /* StatusViewModel.m */; };
		BC4BBFFE2729236A0097D62A /* StatusCell.m in Sources */ = {isa = PBXBuildFile; fileRef = BC4BBFFD2729236A0097D62A /* StatusCell.m */; };
		BC4BC001272923AA0097D62A /* StatusCellTopView.m in Sources */ = {isa = PBXBuildFile; fileRef = BC4BC000272923AA0097D62A /* StatusCellTopView.m */; };
		BC4BC004272923C80097D62A /* StatusCellBottomView.m in Sources */ = {isa = PBXBuildFile; fileRef = BC4BC003272923C80097D62A /* StatusCellBottomView.m */; };
		BC582AAB272682DC00EBBF9E /* StatusListViewModel.m in Sources */ = {isa = PBXBuildFile; fileRef = BC582AAA272682DC00EBBF9E /* StatusListViewModel.m */; };
		BC582AAE2726AB4F00EBBF9E /* User.m in Sources */ = {isa = PBXBuildFile; fileRef = BC582AAD2726AB4F00EBBF9E /* User.m */; };
		BC6B6D122710317800571552 /* WelcomeViewController.m in Sources */ = {isa = PBXBuildFile; fileRef = BC6B6D112710317800571552 /* WelcomeViewController.m */; };
		BC6F3FF526F2E6700084B333 /* AppDelegate.m in Sources */ = {isa = PBXBuildFile; fileRef = BC6F3FF426F2E6700084B333 /* AppDelegate.m */; };
		BC6F400026F2E6710084B333 /* Assets.xcassets in Resources */ = {isa = PBXBuildFile; fileRef = BC6F3FFF26F2E6710084B333 /* Assets.xcassets */; };
		BC6F400326F2E6710084B333 /* LaunchScreen.storyboard in Resources */ = {isa = PBXBuildFile; fileRef = BC6F400126F2E6710084B333 /* LaunchScreen.storyboard */; };
		BC6F400626F2E6710084B333 /* main.m in Sources */ = {isa = PBXBuildFile; fileRef = BC6F400526F2E6710084B333 /* main.m */; };
		BC6F401526F2F1A50084B333 /* HomeTableViewController.m in Sources */ = {isa = PBXBuildFile; fileRef = BC6F401426F2F1A50084B333 /* HomeTableViewController.m */; };
		BC6F401826F2F1D20084B333 /* ProfileTableViewController.m in Sources */ = {isa = PBXBuildFile; fileRef = BC6F401726F2F1D20084B333 /* ProfileTableViewController.m */; };
		BC6F401B26F2F1E90084B333 /* DiscoverTableViewController.m in Sources */ = {isa = PBXBuildFile; fileRef = BC6F401A26F2F1E90084B333 /* DiscoverTableViewController.m */; };
		BC6F401E26F2F1FB0084B333 /* MessageTableViewController.m in Sources */ = {isa = PBXBuildFile; fileRef = BC6F401D26F2F1FB0084B333 /* MessageTableViewController.m */; };
		BC6F403326F2F4770084B333 /* MainViewController.m in Sources */ = {isa = PBXBuildFile; fileRef = BC6F403226F2F4770084B333 /* MainViewController.m */; };
		BC6F403F26F333730084B333 /* UIButton+Extension.m in Sources */ = {isa = PBXBuildFile; fileRef = BC6F403E26F333730084B333 /* UIButton+Extension.m */; };
		BC6F404326F33F030084B333 /* VisitotTableViewController.m in Sources */ = {isa = PBXBuildFile; fileRef = BC6F404226F33F030084B333 /* VisitotTableViewController.m */; };
		BC6F404626F340C00084B333 /* VisitorView.m in Sources */ = {isa = PBXBuildFile; fileRef = BC6F404526F340C00084B333 /* VisitorView.m */; };
		BC83640826FC63B600C9D59A /* NetworkTools.m in Sources */ = {isa = PBXBuildFile; fileRef = BC83640726FC63B600C9D59A /* NetworkTools.m */; };
		BC8364E626FD73BF00C9D59A /* OAuthViewController.m in Sources */ = {isa = PBXBuildFile; fileRef = BC8364E526FD73BF00C9D59A /* OAuthViewController.m */; };
		BC8C3EB0272A77D700B99773 /* StatusPictureView.m in Sources */ = {isa = PBXBuildFile; fileRef = BC8C3EAF272A77D700B99773 /* StatusPictureView.m */; };
		BCA1A3EB27004A63001B43E9 /* UserAccount.m in Sources */ = {isa = PBXBuildFile; fileRef = BCA1A3EA27004A63001B43E9 /* UserAccount.m */; };
		BCB37BA027438C0D00E7D215 /* Podfile in Resources */ = {isa = PBXBuildFile; fileRef = BCB37B9F27438C0D00E7D215 /* Podfile */; };
		BCBF53C52702FA2C0026E747 /* UserAccontViewModel.m in Sources */ = {isa = PBXBuildFile; fileRef = BCBF53C42702FA2C0026E747 /* UserAccontViewModel.m */; };
		BCBF53C9270449D20026E747 /* NewFeatureViewController.m in Sources */ = {isa = PBXBuildFile; fileRef = BCBF53C8270449D20026E747 /* NewFeatureViewController.m */; };
		BCBF53CC27045E400026E747 /* NewFeatureCell.m in Sources */ = {isa = PBXBuildFile; fileRef = BCBF53CB27045E400026E747 /* NewFeatureCell.m */; };
		C4D74FBF34F7B2068AB1BBAC /* Pods_test106.framework in Frameworks */ = {isa = PBXBuildFile; fileRef = 22F5FFECFAE303A4F64143F3 /* Pods_test106.framework */; };
/* End PBXBuildFile section */

/* Begin PBXFileReference section */
		22F5FFECFAE303A4F64143F3 /* Pods_test106.framework */ = {isa = PBXFileReference; explicitFileType = wrapper.framework; includeInIndex = 0; path = Pods_test106.framework; sourceTree = BUILT_PRODUCTS_DIR; };
		4F21657A31F71749A2AA5597 /* Pods-test106.release.xcconfig */ = {isa = PBXFileReference; includeInIndex = 1; lastKnownFileType = text.xcconfig; name = "Pods-test106.release.xcconfig"; path = "Target Support Files/Pods-test106/Pods-test106.release.xcconfig"; sourceTree = "<group>"; };
		BBBDCE303177D9495F919A93 /* Pods-test106.debug.xcconfig */ = {isa = PBXFileReference; includeInIndex = 1; lastKnownFileType = text.xcconfig; name = "Pods-test106.debug.xcconfig"; path = "Target Support Files/Pods-test106/Pods-test106.debug.xcconfig"; sourceTree = "<group>"; };
		BC42757A26F48E1400D3FD47 /* UILabel+Extension.h */ = {isa = PBXFileReference; lastKnownFileType = sourcecode.c.h; path = "UILabel+Extension.h"; sourceTree = "<group>"; };
		BC42757B26F48E1400D3FD47 /* UILabel+Extension.m */ = {isa = PBXFileReference; lastKnownFileType = sourcecode.c.objc; path = "UILabel+Extension.m"; sourceTree = "<group>"; };
		BC42757D26F48FFC00D3FD47 /* UIImageView+Extension.h */ = {isa = PBXFileReference; lastKnownFileType = sourcecode.c.h; path = "UIImageView+Extension.h"; sourceTree = "<group>"; };
		BC42757E26F48FFC00D3FD47 /* UIImageView+Extension.m */ = {isa = PBXFileReference; lastKnownFileType = sourcecode.c.objc; path = "UIImageView+Extension.m"; sourceTree = "<group>"; };
		BC42758126F5C4B300D3FD47 /* Common.pch */ = {isa = PBXFileReference; lastKnownFileType = sourcecode.c.h; path = Common.pch; sourceTree = "<group>"; };
		BC49F2E3271429210094DD7C /* Status.h */ = {isa = PBXFileReference; lastKnownFileType = sourcecode.c.h; path = Status.h; sourceTree = "<group>"; };
		BC49F2E4271429210094DD7C /* Status.m */ = {isa = PBXFileReference; lastKnownFileType = sourcecode.c.objc; path = Status.m; sourceTree = "<group>"; };
		BC4BBFF82728FA100097D62A /* StatusViewModel.h */ = {isa = PBXFileReference; lastKnownFileType = sourcecode.c.h; path = StatusViewModel.h; sourceTree = "<group>"; };
		BC4BBFF92728FA100097D62A /* StatusViewModel.m */ = {isa = PBXFileReference; lastKnownFileType = sourcecode.c.objc; path = StatusViewModel.m; sourceTree = "<group>"; };
		BC4BBFFC2729236A0097D62A /* StatusCell.h */ = {isa = PBXFileReference; lastKnownFileType = sourcecode.c.h; path = StatusCell.h; sourceTree = "<group>"; };
		BC4BBFFD2729236A0097D62A /* StatusCell.m */ = {isa = PBXFileReference; lastKnownFileType = sourcecode.c.objc; path = StatusCell.m; sourceTree = "<group>"; };
		BC4BBFFF272923AA0097D62A /* StatusCellTopView.h */ = {isa = PBXFileReference; lastKnownFileType = sourcecode.c.h; path = StatusCellTopView.h; sourceTree = "<group>"; };
		BC4BC000272923AA0097D62A /* StatusCellTopView.m */ = {isa = PBXFileReference; lastKnownFileType = sourcecode.c.objc; path = StatusCellTopView.m; sourceTree = "<group>"; };
		BC4BC002272923C80097D62A /* StatusCellBottomView.h */ = {isa = PBXFileReference; lastKnownFileType = sourcecode.c.h; path = StatusCellBottomView.h; sourceTree = "<group>"; };
		BC4BC003272923C80097D62A /* StatusCellBottomView.m */ = {isa = PBXFileReference; lastKnownFileType = sourcecode.c.objc; path = StatusCellBottomView.m; sourceTree = "<group>"; };
		BC582AA9272682DC00EBBF9E /* StatusListViewModel.h */ = {isa = PBXFileReference; lastKnownFileType = sourcecode.c.h; path = StatusListViewModel.h; sourceTree = "<group>"; };
		BC582AAA272682DC00EBBF9E /* StatusListViewModel.m */ = {isa = PBXFileReference; lastKnownFileType = sourcecode.c.objc; path = StatusListViewModel.m; sourceTree = "<group>"; };
		BC582AAC2726AB4F00EBBF9E /* User.h */ = {isa = PBXFileReference; lastKnownFileType = sourcecode.c.h; path = User.h; sourceTree = "<group>"; };
		BC582AAD2726AB4F00EBBF9E /* User.m */ = {isa = PBXFileReference; lastKnownFileType = sourcecode.c.objc; path = User.m; sourceTree = "<group>"; };
		BC6B6D102710317800571552 /* WelcomeViewController.h */ = {isa = PBXFileReference; lastKnownFileType = sourcecode.c.h; path = WelcomeViewController.h; sourceTree = "<group>"; };
		BC6B6D112710317800571552 /* WelcomeViewController.m */ = {isa = PBXFileReference; lastKnownFileType = sourcecode.c.objc; path = WelcomeViewController.m; sourceTree = "<group>"; };
		BC6F3FF026F2E6700084B333 /* test106.app */ = {isa = PBXFileReference; explicitFileType = wrapper.application; includeInIndex = 0; path = test106.app; sourceTree = BUILT_PRODUCTS_DIR; };
		BC6F3FF326F2E6700084B333 /* AppDelegate.h */ = {isa = PBXFileReference; lastKnownFileType = sourcecode.c.h; path = AppDelegate.h; sourceTree = "<group>"; };
		BC6F3FF426F2E6700084B333 /* AppDelegate.m */ = {isa = PBXFileReference; lastKnownFileType = sourcecode.c.objc; path = AppDelegate.m; sourceTree = "<group>"; };
		BC6F3FFF26F2E6710084B333 /* Assets.xcassets */ = {isa = PBXFileReference; lastKnownFileType = folder.assetcatalog; path = Assets.xcassets; sourceTree = "<group>"; };
		BC6F400226F2E6710084B333 /* Base */ = {isa = PBXFileReference; lastKnownFileType = file.storyboard; name = Base; path = Base.lproj/LaunchScreen.storyboard; sourceTree = "<group>"; };
		BC6F400426F2E6710084B333 /* Info.plist */ = {isa = PBXFileReference; lastKnownFileType = text.plist.xml; path = Info.plist; sourceTree = "<group>"; };
		BC6F400526F2E6710084B333 /* main.m */ = {isa = PBXFileReference; lastKnownFileType = sourcecode.c.objc; path = main.m; sourceTree = "<group>"; };
		BC6F401326F2F1A50084B333 /* HomeTableViewController.h */ = {isa = PBXFileReference; lastKnownFileType = sourcecode.c.h; path = HomeTableViewController.h; sourceTree = "<group>"; };
		BC6F401426F2F1A50084B333 /* HomeTableViewController.m */ = {isa = PBXFileReference; lastKnownFileType = sourcecode.c.objc; path = HomeTableViewController.m; sourceTree = "<group>"; };
		BC6F401626F2F1D20084B333 /* ProfileTableViewController.h */ = {isa = PBXFileReference; lastKnownFileType = sourcecode.c.h; path = ProfileTableViewController.h; sourceTree = "<group>"; };
		BC6F401726F2F1D20084B333 /* ProfileTableViewController.m */ = {isa = PBXFileReference; lastKnownFileType = sourcecode.c.objc; path = ProfileTableViewController.m; sourceTree = "<group>"; };
		BC6F401926F2F1E90084B333 /* DiscoverTableViewController.h */ = {isa = PBXFileReference; lastKnownFileType = sourcecode.c.h; path = DiscoverTableViewController.h; sourceTree = "<group>"; };
		BC6F401A26F2F1E90084B333 /* DiscoverTableViewController.m */ = {isa = PBXFileReference; lastKnownFileType = sourcecode.c.objc; path = DiscoverTableViewController.m; sourceTree = "<group>"; };
		BC6F401C26F2F1FB0084B333 /* MessageTableViewController.h */ = {isa = PBXFileReference; lastKnownFileType = sourcecode.c.h; path = MessageTableViewController.h; sourceTree = "<group>"; };
		BC6F401D26F2F1FB0084B333 /* MessageTableViewController.m */ = {isa = PBXFileReference; lastKnownFileType = sourcecode.c.objc; path = MessageTableViewController.m; sourceTree = "<group>"; };
		BC6F403126F2F4770084B333 /* MainViewController.h */ = {isa = PBXFileReference; lastKnownFileType = sourcecode.c.h; path = MainViewController.h; sourceTree = "<group>"; };
		BC6F403226F2F4770084B333 /* MainViewController.m */ = {isa = PBXFileReference; lastKnownFileType = sourcecode.c.objc; path = MainViewController.m; sourceTree = "<group>"; };
		BC6F403D26F333730084B333 /* UIButton+Extension.h */ = {isa = PBXFileReference; lastKnownFileType = sourcecode.c.h; path = "UIButton+Extension.h"; sourceTree = "<group>"; };
		BC6F403E26F333730084B333 /* UIButton+Extension.m */ = {isa = PBXFileReference; lastKnownFileType = sourcecode.c.objc; path = "UIButton+Extension.m"; sourceTree = "<group>"; };
		BC6F404126F33F030084B333 /* VisitotTableViewController.h */ = {isa = PBXFileReference; lastKnownFileType = sourcecode.c.h; path = VisitotTableViewController.h; sourceTree = "<group>"; };
		BC6F404226F33F030084B333 /* VisitotTableViewController.m */ = {isa = PBXFileReference; lastKnownFileType = sourcecode.c.objc; path = VisitotTableViewController.m; sourceTree = "<group>"; };
		BC6F404426F340C00084B333 /* VisitorView.h */ = {isa = PBXFileReference; lastKnownFileType = sourcecode.c.h; path = VisitorView.h; sourceTree = "<group>"; };
		BC6F404526F340C00084B333 /* VisitorView.m */ = {isa = PBXFileReference; lastKnownFileType = sourcecode.c.objc; path = VisitorView.m; sourceTree = "<group>"; };
		BC83640626FC63B600C9D59A /* NetworkTools.h */ = {isa = PBXFileReference; lastKnownFileType = sourcecode.c.h; path = NetworkTools.h; sourceTree = "<group>"; };
		BC83640726FC63B600C9D59A /* NetworkTools.m */ = {isa = PBXFileReference; lastKnownFileType = sourcecode.c.objc; path = NetworkTools.m; sourceTree = "<group>"; };
		BC8364E426FD73BF00C9D59A /* OAuthViewController.h */ = {isa = PBXFileReference; lastKnownFileType = sourcecode.c.h; path = OAuthViewController.h; sourceTree = "<group>"; };
		BC8364E526FD73BF00C9D59A /* OAuthViewController.m */ = {isa = PBXFileReference; lastKnownFileType = sourcecode.c.objc; path = OAuthViewController.m; sourceTree = "<group>"; };
		BC8C3EAE272A77D700B99773 /* StatusPictureView.h */ = {isa = PBXFileReference; lastKnownFileType = sourcecode.c.h; path = StatusPictureView.h; sourceTree = "<group>"; };
		BC8C3EAF272A77D700B99773 /* StatusPictureView.m */ = {isa = PBXFileReference; lastKnownFileType = sourcecode.c.objc; path = StatusPictureView.m; sourceTree = "<group>"; };
		BCA1A3E927004A63001B43E9 /* UserAccount.h */ = {isa = PBXFileReference; lastKnownFileType = sourcecode.c.h; path = UserAccount.h; sourceTree = "<group>"; };
		BCA1A3EA27004A63001B43E9 /* UserAccount.m */ = {isa = PBXFileReference; lastKnownFileType = sourcecode.c.objc; path = UserAccount.m; sourceTree = "<group>"; };
		BCB37B9F27438C0D00E7D215 /* Podfile */ = {isa = PBXFileReference; fileEncoding = 4; lastKnownFileType = text; path = Podfile; sourceTree = "<group>"; };
		BCBF53C32702FA2C0026E747 /* UserAccontViewModel.h */ = {isa = PBXFileReference; lastKnownFileType = sourcecode.c.h; path = UserAccontViewModel.h; sourceTree = "<group>"; };
		BCBF53C42702FA2C0026E747 /* UserAccontViewModel.m */ = {isa = PBXFileReference; lastKnownFileType = sourcecode.c.objc; path = UserAccontViewModel.m; sourceTree = "<group>"; };
		BCBF53C7270449D20026E747 /* NewFeatureViewController.h */ = {isa = PBXFileReference; lastKnownFileType = sourcecode.c.h; path = NewFeatureViewController.h; sourceTree = "<group>"; };
		BCBF53C8270449D20026E747 /* NewFeatureViewController.m */ = {isa = PBXFileReference; lastKnownFileType = sourcecode.c.objc; path = NewFeatureViewController.m; sourceTree = "<group>"; };
		BCBF53CA27045E400026E747 /* NewFeatureCell.h */ = {isa = PBXFileReference; lastKnownFileType = sourcecode.c.h; path = NewFeatureCell.h; sourceTree = "<group>"; };
		BCBF53CB27045E400026E747 /* NewFeatureCell.m */ = {isa = PBXFileReference; lastKnownFileType = sourcecode.c.objc; path = NewFeatureCell.m; sourceTree = "<group>"; };
/* End PBXFileReference section */

/* Begin PBXFrameworksBuildPhase section */
		BC6F3FED26F2E6700084B333 /* Frameworks */ = {
			isa = PBXFrameworksBuildPhase;
			buildActionMask = 2147483647;
			files = (
				C4D74FBF34F7B2068AB1BBAC /* Pods_test106.framework in Frameworks */,
			);
			runOnlyForDeploymentPostprocessing = 0;
		};
/* End PBXFrameworksBuildPhase section */

/* Begin PBXGroup section */
		AD6425EC13AAA89E04203ECA /* Pods */ = {
			isa = PBXGroup;
			children = (
				BBBDCE303177D9495F919A93 /* Pods-test106.debug.xcconfig */,
				BCB37B9F27438C0D00E7D215 /* Podfile */,
				4F21657A31F71749A2AA5597 /* Pods-test106.release.xcconfig */,
			);
			path = Pods;
			sourceTree = "<group>";
		};
		BC4BBFFB272923250097D62A /* StatusCell */ = {
			isa = PBXGroup;
			children = (
				BC4BBFFC2729236A0097D62A /* StatusCell.h */,
				BC4BBFFD2729236A0097D62A /* StatusCell.m */,
				BC4BBFFF272923AA0097D62A /* StatusCellTopView.h */,
				BC4BC000272923AA0097D62A /* StatusCellTopView.m */,
				BC4BC002272923C80097D62A /* StatusCellBottomView.h */,
				BC4BC003272923C80097D62A /* StatusCellBottomView.m */,
				BC8C3EAE272A77D700B99773 /* StatusPictureView.h */,
				BC8C3EAF272A77D700B99773 /* StatusPictureView.m */,
			);
			path = StatusCell;
			sourceTree = "<group>";
		};
		BC6F3FE726F2E6700084B333 = {
			isa = PBXGroup;
			children = (
				BC6F3FF226F2E6700084B333 /* test106 */,
				BC6F3FF126F2E6700084B333 /* Products */,
				AD6425EC13AAA89E04203ECA /* Pods */,
				BE7A343191D68634E21D8F90 /* Frameworks */,
			);
			sourceTree = "<group>";
		};
		BC6F3FF126F2E6700084B333 /* Products */ = {
			isa = PBXGroup;
			children = (
				BC6F3FF026F2E6700084B333 /* test106.app */,
			);
			name = Products;
			sourceTree = "<group>";
		};
		BC6F3FF226F2E6700084B333 /* test106 */ = {
			isa = PBXGroup;
			children = (
				BC6F400C26F2F0830084B333 /* Classes */,
				BC6F3FF326F2E6700084B333 /* AppDelegate.h */,
				BC6F3FF426F2E6700084B333 /* AppDelegate.m */,
				BC6F3FFF26F2E6710084B333 /* Assets.xcassets */,
				BC6F400126F2E6710084B333 /* LaunchScreen.storyboard */,
				BC6F400426F2E6710084B333 /* Info.plist */,
				BC6F400526F2E6710084B333 /* main.m */,
			);
			path = test106;
			sourceTree = "<group>";
		};
		BC6F400C26F2F0830084B333 /* Classes */ = {
			isa = PBXGroup;
			children = (
				BCBF53C22702F9EF0026E747 /* ViewModel */,
				BC6F403426F32FFA0084B333 /* Tools */,
				BCA1A3E827004A24001B43E9 /* Model */,
				BC6F400D26F2F0940084B333 /* View */,
			);
			path = Classes;
			sourceTree = "<group>";
		};
		BC6F400D26F2F0940084B333 /* View */ = {
			isa = PBXGroup;
			children = (
				BC8364E326FD738100C9D59A /* OAuth */,
				BC6F401226F2F15C0084B333 /* Profile */,
				BC6F401126F2F1410084B333 /* Discover */,
				BC6F401026F2F1340084B333 /* Message */,
				BC6F400F26F2F12A0084B333 /* Home */,
				BC6F400E26F2F11C0084B333 /* Main */,
			);
			path = View;
			sourceTree = "<group>";
		};
		BC6F400E26F2F11C0084B333 /* Main */ = {
			isa = PBXGroup;
			children = (
				BCBF53C6270448390026E747 /* NewFeature */,
				BC6F404026F33EA10084B333 /* Visitor */,
				BC6F403126F2F4770084B333 /* MainViewController.h */,
				BC6F403226F2F4770084B333 /* MainViewController.m */,
			);
			path = Main;
			sourceTree = "<group>";
		};
		BC6F400F26F2F12A0084B333 /* Home */ = {
			isa = PBXGroup;
			children = (
				BC4BBFFB272923250097D62A /* StatusCell */,
				BC6F401326F2F1A50084B333 /* HomeTableViewController.h */,
				BC6F401426F2F1A50084B333 /* HomeTableViewController.m */,
			);
			path = Home;
			sourceTree = "<group>";
		};
		BC6F401026F2F1340084B333 /* Message */ = {
			isa = PBXGroup;
			children = (
				BC6F401C26F2F1FB0084B333 /* MessageTableViewController.h */,
				BC6F401D26F2F1FB0084B333 /* MessageTableViewController.m */,
			);
			path = Message;
			sourceTree = "<group>";
		};
		BC6F401126F2F1410084B333 /* Discover */ = {
			isa = PBXGroup;
			children = (
				BC6F401926F2F1E90084B333 /* DiscoverTableViewController.h */,
				BC6F401A26F2F1E90084B333 /* DiscoverTableViewController.m */,
			);
			path = Discover;
			sourceTree = "<group>";
		};
		BC6F401226F2F15C0084B333 /* Profile */ = {
			isa = PBXGroup;
			children = (
				BC6F401626F2F1D20084B333 /* ProfileTableViewController.h */,
				BC6F401726F2F1D20084B333 /* ProfileTableViewController.m */,
			);
			path = Profile;
			sourceTree = "<group>";
		};
		BC6F403426F32FFA0084B333 /* Tools */ = {
			isa = PBXGroup;
			children = (
				BC6F403526F3300E0084B333 /* Extension */,
				BC42758126F5C4B300D3FD47 /* Common.pch */,
				BC83640626FC63B600C9D59A /* NetworkTools.h */,
				BC83640726FC63B600C9D59A /* NetworkTools.m */,
			);
			path = Tools;
			sourceTree = "<group>";
		};
		BC6F403526F3300E0084B333 /* Extension */ = {
			isa = PBXGroup;
			children = (
				BC6F403D26F333730084B333 /* UIButton+Extension.h */,
				BC6F403E26F333730084B333 /* UIButton+Extension.m */,
				BC42757A26F48E1400D3FD47 /* UILabel+Extension.h */,
				BC42757B26F48E1400D3FD47 /* UILabel+Extension.m */,
				BC42757D26F48FFC00D3FD47 /* UIImageView+Extension.h */,
				BC42757E26F48FFC00D3FD47 /* UIImageView+Extension.m */,
			);
			path = Extension;
			sourceTree = "<group>";
		};
		BC6F404026F33EA10084B333 /* Visitor */ = {
			isa = PBXGroup;
			children = (
				BC6F404126F33F030084B333 /* VisitotTableViewController.h */,
				BC6F404226F33F030084B333 /* VisitotTableViewController.m */,
				BC6F404426F340C00084B333 /* VisitorView.h */,
				BC6F404526F340C00084B333 /* VisitorView.m */,
			);
			path = Visitor;
			sourceTree = "<group>";
		};
		BC8364E326FD738100C9D59A /* OAuth */ = {
			isa = PBXGroup;
			children = (
				BC8364E426FD73BF00C9D59A /* OAuthViewController.h */,
				BC8364E526FD73BF00C9D59A /* OAuthViewController.m */,
			);
			path = OAuth;
			sourceTree = "<group>";
		};
		BCA1A3E827004A24001B43E9 /* Model */ = {
			isa = PBXGroup;
			children = (
				BCA1A3E927004A63001B43E9 /* UserAccount.h */,
				BCA1A3EA27004A63001B43E9 /* UserAccount.m */,
				BC49F2E3271429210094DD7C /* Status.h */,
				BC49F2E4271429210094DD7C /* Status.m */,
				BC582AAC2726AB4F00EBBF9E /* User.h */,
				BC582AAD2726AB4F00EBBF9E /* User.m */,
			);
			path = Model;
			sourceTree = "<group>";
		};
		BCBF53C22702F9EF0026E747 /* ViewModel */ = {
			isa = PBXGroup;
			children = (
				BCBF53C32702FA2C0026E747 /* UserAccontViewModel.h */,
				BCBF53C42702FA2C0026E747 /* UserAccontViewModel.m */,
				BC582AA9272682DC00EBBF9E /* StatusListViewModel.h */,
				BC582AAA272682DC00EBBF9E /* StatusListViewModel.m */,
				BC4BBFF82728FA100097D62A /* StatusViewModel.h */,
				BC4BBFF92728FA100097D62A /* StatusViewModel.m */,
			);
			path = ViewModel;
			sourceTree = "<group>";
		};
		BCBF53C6270448390026E747 /* NewFeature */ = {
			isa = PBXGroup;
			children = (
				BCBF53C7270449D20026E747 /* NewFeatureViewController.h */,
				BCBF53C8270449D20026E747 /* NewFeatureViewController.m */,
				BCBF53CA27045E400026E747 /* NewFeatureCell.h */,
				BCBF53CB27045E400026E747 /* NewFeatureCell.m */,
				BC6B6D102710317800571552 /* WelcomeViewController.h */,
				BC6B6D112710317800571552 /* WelcomeViewController.m */,
			);
			path = NewFeature;
			sourceTree = "<group>";
		};
		BE7A343191D68634E21D8F90 /* Frameworks */ = {
			isa = PBXGroup;
			children = (
				22F5FFECFAE303A4F64143F3 /* Pods_test106.framework */,
			);
			name = Frameworks;
			sourceTree = "<group>";
		};
/* End PBXGroup section */

/* Begin PBXNativeTarget section */
		BC6F3FEF26F2E6700084B333 /* test106 */ = {
			isa = PBXNativeTarget;
			buildConfigurationList = BC6F400926F2E6710084B333 /* Build configuration list for PBXNativeTarget "test106" */;
			buildPhases = (
				F7CBCA2CFDE89F3B64615BC7 /* [CP] Check Pods Manifest.lock */,
				BC6F3FEC26F2E6700084B333 /* Sources */,
				BC6F3FED26F2E6700084B333 /* Frameworks */,
				BC6F3FEE26F2E6700084B333 /* Resources */,
				C07CA2448C8A585E111815AA /* [CP] Embed Pods Frameworks */,
			);
			buildRules = (
			);
			dependencies = (
			);
			name = test106;
			productName = test106;
			productReference = BC6F3FF026F2E6700084B333 /* test106.app */;
			productType = "com.apple.product-type.application";
		};
/* End PBXNativeTarget section */

/* Begin PBXProject section */
		BC6F3FE826F2E6700084B333 /* Project object */ = {
			isa = PBXProject;
			attributes = {
				LastUpgradeCheck = 1250;
				TargetAttributes = {
					BC6F3FEF26F2E6700084B333 = {
						CreatedOnToolsVersion = 12.5.1;
					};
				};
			};
			buildConfigurationList = BC6F3FEB26F2E6700084B333 /* Build configuration list for PBXProject "test106" */;
			compatibilityVersion = "Xcode 9.3";
			developmentRegion = en;
			hasScannedForEncodings = 0;
			knownRegions = (
				en,
				Base,
			);
			mainGroup = BC6F3FE726F2E6700084B333;
			productRefGroup = BC6F3FF126F2E6700084B333 /* Products */;
			projectDirPath = "";
			projectRoot = "";
			targets = (
				BC6F3FEF26F2E6700084B333 /* test106 */,
			);
		};
/* End PBXProject section */

/* Begin PBXResourcesBuildPhase section */
		BC6F3FEE26F2E6700084B333 /* Resources */ = {
			isa = PBXResourcesBuildPhase;
			buildActionMask = 2147483647;
			files = (
				BCB37BA027438C0D00E7D215 /* Podfile in Resources */,
				BC6F400326F2E6710084B333 /* LaunchScreen.storyboard in Resources */,
				BC6F400026F2E6710084B333 /* Assets.xcassets in Resources */,
			);
			runOnlyForDeploymentPostprocessing = 0;
		};
/* End PBXResourcesBuildPhase section */

/* Begin PBXShellScriptBuildPhase section */
		C07CA2448C8A585E111815AA /* [CP] Embed Pods Frameworks */ = {
			isa = PBXShellScriptBuildPhase;
			buildActionMask = 2147483647;
			files = (
			);
			inputFileListPaths = (
				"${PODS_ROOT}/Target Support Files/Pods-test106/Pods-test106-frameworks-${CONFIGURATION}-input-files.xcfilelist",
			);
			name = "[CP] Embed Pods Frameworks";
			outputFileListPaths = (
				"${PODS_ROOT}/Target Support Files/Pods-test106/Pods-test106-frameworks-${CONFIGURATION}-output-files.xcfilelist",
			);
			runOnlyForDeploymentPostprocessing = 0;
			shellPath = /bin/sh;
			shellScript = "\"${PODS_ROOT}/Target Support Files/Pods-test106/Pods-test106-frameworks.sh\"\n";
			showEnvVarsInLog = 0;
		};
		F7CBCA2CFDE89F3B64615BC7 /* [CP] Check Pods Manifest.lock */ = {
			isa = PBXShellScriptBuildPhase;
			buildActionMask = 2147483647;
			files = (
			);
			inputFileListPaths = (
			);
			inputPaths = (
				"${PODS_PODFILE_DIR_PATH}/Podfile.lock",
				"${PODS_ROOT}/Manifest.lock",
			);
			name = "[CP] Check Pods Manifest.lock";
			outputFileListPaths = (
			);
			outputPaths = (
				"$(DERIVED_FILE_DIR)/Pods-test106-checkManifestLockResult.txt",
			);
			runOnlyForDeploymentPostprocessing = 0;
			shellPath = /bin/sh;
			shellScript = "diff \"${PODS_PODFILE_DIR_PATH}/Podfile.lock\" \"${PODS_ROOT}/Manifest.lock\" > /dev/null\nif [ $? != 0 ] ; then\n    # print error to STDERR\n    echo \"error: The sandbox is not in sync with the Podfile.lock. Run 'pod install' or update your CocoaPods installation.\" >&2\n    exit 1\nfi\n# This output is used by Xcode 'outputs' to avoid re-running this script phase.\necho \"SUCCESS\" > \"${SCRIPT_OUTPUT_FILE_0}\"\n";
			showEnvVarsInLog = 0;
		};
/* End PBXShellScriptBuildPhase section */

/* Begin PBXSourcesBuildPhase section */
		BC6F3FEC26F2E6700084B333 /* Sources */ = {
			isa = PBXSourcesBuildPhase;
			buildActionMask = 2147483647;
			files = (
				BC8364E626FD73BF00C9D59A /* OAuthViewController.m in Sources */,
				BC6F401526F2F1A50084B333 /* HomeTableViewController.m in Sources */,
				BC8C3EB0272A77D700B99773 /* StatusPictureView.m in Sources */,
				BC4BC001272923AA0097D62A /* StatusCellTopView.m in Sources */,
				BC6F403F26F333730084B333 /* UIButton+Extension.m in Sources */,
				BC4BBFFA2728FA100097D62A /* StatusViewModel.m in Sources */,
				BC49F2E5271429210094DD7C /* Status.m in Sources */,
				BCBF53C52702FA2C0026E747 /* UserAccontViewModel.m in Sources */,
				BC6B6D122710317800571552 /* WelcomeViewController.m in Sources */,
				BC582AAE2726AB4F00EBBF9E /* User.m in Sources */,
				BC6F401B26F2F1E90084B333 /* DiscoverTableViewController.m in Sources */,
				BC6F401E26F2F1FB0084B333 /* MessageTableViewController.m in Sources */,
				BC582AAB272682DC00EBBF9E /* StatusListViewModel.m in Sources */,
				BC4BBFFE2729236A0097D62A /* StatusCell.m in Sources */,
				BC6F3FF526F2E6700084B333 /* AppDelegate.m in Sources */,
				BC6F404326F33F030084B333 /* VisitotTableViewController.m in Sources */,
				BC6F403326F2F4770084B333 /* MainViewController.m in Sources */,
				BC6F404626F340C00084B333 /* VisitorView.m in Sources */,
				BC4BC004272923C80097D62A /* StatusCellBottomView.m in Sources */,
				BC6F401826F2F1D20084B333 /* ProfileTableViewController.m in Sources */,
				BC6F400626F2E6710084B333 /* main.m in Sources */,
				BC83640826FC63B600C9D59A /* NetworkTools.m in Sources */,
				BC42757F26F48FFC00D3FD47 /* UIImageView+Extension.m in Sources */,
				BCA1A3EB27004A63001B43E9 /* UserAccount.m in Sources */,
				BC42757C26F48E1400D3FD47 /* UILabel+Extension.m in Sources */,
				BCBF53C9270449D20026E747 /* NewFeatureViewController.m in Sources */,
				BCBF53CC27045E400026E747 /* NewFeatureCell.m in Sources */,
			);
			runOnlyForDeploymentPostprocessing = 0;
		};
/* End PBXSourcesBuildPhase section */

/* Begin PBXVariantGroup section */
		BC6F400126F2E6710084B333 /* LaunchScreen.storyboard */ = {
			isa = PBXVariantGroup;
			children = (
				BC6F400226F2E6710084B333 /* Base */,
			);
			name = LaunchScreen.storyboard;
			sourceTree = "<group>";
		};
/* End PBXVariantGroup section */

/* Begin XCBuildConfiguration section */
		BC6F400726F2E6710084B333 /* Debug */ = {
			isa = XCBuildConfiguration;
			buildSettings = {
				ALWAYS_SEARCH_USER_PATHS = NO;
				CLANG_ANALYZER_NONNULL = YES;
				CLANG_ANALYZER_NUMBER_OBJECT_CONVERSION = YES_AGGRESSIVE;
				CLANG_CXX_LANGUAGE_STANDARD = "gnu++14";
				CLANG_CXX_LIBRARY = "libc++";
				CLANG_ENABLE_MODULES = YES;
				CLANG_ENABLE_OBJC_ARC = YES;
				CLANG_ENABLE_OBJC_WEAK = YES;
				CLANG_WARN_BLOCK_CAPTURE_AUTORELEASING = YES;
				CLANG_WARN_BOOL_CONVERSION = YES;
				CLANG_WARN_COMMA = YES;
				CLANG_WARN_CONSTANT_CONVERSION = YES;
				CLANG_WARN_DEPRECATED_OBJC_IMPLEMENTATIONS = YES;
				CLANG_WARN_DIRECT_OBJC_ISA_USAGE = YES_ERROR;
				CLANG_WARN_DOCUMENTATION_COMMENTS = YES;
				CLANG_WARN_EMPTY_BODY = YES;
				CLANG_WARN_ENUM_CONVERSION = YES;
				CLANG_WARN_INFINITE_RECURSION = YES;
				CLANG_WARN_INT_CONVERSION = YES;
				CLANG_WARN_NON_LITERAL_NULL_CONVERSION = YES;
				CLANG_WARN_OBJC_IMPLICIT_RETAIN_SELF = YES;
				CLANG_WARN_OBJC_LITERAL_CONVERSION = YES;
				CLANG_WARN_OBJC_ROOT_CLASS = YES_ERROR;
				CLANG_WARN_QUOTED_INCLUDE_IN_FRAMEWORK_HEADER = YES;
				CLANG_WARN_RANGE_LOOP_ANALYSIS = YES;
				CLANG_WARN_STRICT_PROTOTYPES = YES;
				CLANG_WARN_SUSPICIOUS_MOVE = YES;
				CLANG_WARN_UNGUARDED_AVAILABILITY = YES_AGGRESSIVE;
				CLANG_WARN_UNREACHABLE_CODE = YES;
				CLANG_WARN__DUPLICATE_METHOD_MATCH = YES;
				COPY_PHASE_STRIP = NO;
				DEBUG_INFORMATION_FORMAT = dwarf;
				ENABLE_STRICT_OBJC_MSGSEND = YES;
				ENABLE_TESTABILITY = YES;
				GCC_C_LANGUAGE_STANDARD = gnu11;
				GCC_DYNAMIC_NO_PIC = NO;
				GCC_NO_COMMON_BLOCKS = YES;
				GCC_OPTIMIZATION_LEVEL = 0;
				GCC_PREPROCESSOR_DEFINITIONS = (
					"DEBUG=1",
					"$(inherited)",
				);
				GCC_WARN_64_TO_32_BIT_CONVERSION = YES;
				GCC_WARN_ABOUT_RETURN_TYPE = YES_ERROR;
				GCC_WARN_UNDECLARED_SELECTOR = YES;
				GCC_WARN_UNINITIALIZED_AUTOS = YES_AGGRESSIVE;
				GCC_WARN_UNUSED_FUNCTION = YES;
				GCC_WARN_UNUSED_VARIABLE = YES;
				IPHONEOS_DEPLOYMENT_TARGET = 14.5;
				MTL_ENABLE_DEBUG_INFO = INCLUDE_SOURCE;
				MTL_FAST_MATH = YES;
				ONLY_ACTIVE_ARCH = YES;
				SDKROOT = iphoneos;
			};
			name = Debug;
		};
		BC6F400826F2E6710084B333 /* Release */ = {
			isa = XCBuildConfiguration;
			buildSettings = {
				ALWAYS_SEARCH_USER_PATHS = NO;
				CLANG_ANALYZER_NONNULL = YES;
				CLANG_ANALYZER_NUMBER_OBJECT_CONVERSION = YES_AGGRESSIVE;
				CLANG_CXX_LANGUAGE_STANDARD = "gnu++14";
				CLANG_CXX_LIBRARY = "libc++";
				CLANG_ENABLE_MODULES = YES;
				CLANG_ENABLE_OBJC_ARC = YES;
				CLANG_ENABLE_OBJC_WEAK = YES;
				CLANG_WARN_BLOCK_CAPTURE_AUTORELEASING = YES;
				CLANG_WARN_BOOL_CONVERSION = YES;
				CLANG_WARN_COMMA = YES;
				CLANG_WARN_CONSTANT_CONVERSION = YES;
				CLANG_WARN_DEPRECATED_OBJC_IMPLEMENTATIONS = YES;
				CLANG_WARN_DIRECT_OBJC_ISA_USAGE = YES_ERROR;
				CLANG_WARN_DOCUMENTATION_COMMENTS = YES;
				CLANG_WARN_EMPTY_BODY = YES;
				CLANG_WARN_ENUM_CONVERSION = YES;
				CLANG_WARN_INFINITE_RECURSION = YES;
				CLANG_WARN_INT_CONVERSION = YES;
				CLANG_WARN_NON_LITERAL_NULL_CONVERSION = YES;
				CLANG_WARN_OBJC_IMPLICIT_RETAIN_SELF = YES;
				CLANG_WARN_OBJC_LITERAL_CONVERSION = YES;
				CLANG_WARN_OBJC_ROOT_CLASS = YES_ERROR;
				CLANG_WARN_QUOTED_INCLUDE_IN_FRAMEWORK_HEADER = YES;
				CLANG_WARN_RANGE_LOOP_ANALYSIS = YES;
				CLANG_WARN_STRICT_PROTOTYPES = YES;
				CLANG_WARN_SUSPICIOUS_MOVE = YES;
				CLANG_WARN_UNGUARDED_AVAILABILITY = YES_AGGRESSIVE;
				CLANG_WARN_UNREACHABLE_CODE = YES;
				CLANG_WARN__DUPLICATE_METHOD_MATCH = YES;
				COPY_PHASE_STRIP = NO;
				DEBUG_INFORMATION_FORMAT = "dwarf-with-dsym";
				ENABLE_NS_ASSERTIONS = NO;
				ENABLE_STRICT_OBJC_MSGSEND = YES;
				GCC_C_LANGUAGE_STANDARD = gnu11;
				GCC_NO_COMMON_BLOCKS = YES;
				GCC_WARN_64_TO_32_BIT_CONVERSION = YES;
				GCC_WARN_ABOUT_RETURN_TYPE = YES_ERROR;
				GCC_WARN_UNDECLARED_SELECTOR = YES;
				GCC_WARN_UNINITIALIZED_AUTOS = YES_AGGRESSIVE;
				GCC_WARN_UNUSED_FUNCTION = YES;
				GCC_WARN_UNUSED_VARIABLE = YES;
				IPHONEOS_DEPLOYMENT_TARGET = 14.5;
				MTL_ENABLE_DEBUG_INFO = NO;
				MTL_FAST_MATH = YES;
				SDKROOT = iphoneos;
				VALIDATE_PRODUCT = YES;
			};
			name = Release;
		};
		BC6F400A26F2E6710084B333 /* Debug */ = {
			isa = XCBuildConfiguration;
			baseConfigurationReference = BBBDCE303177D9495F919A93 /* Pods-test106.debug.xcconfig */;
			buildSettings = {
				ASSETCATALOG_COMPILER_APPICON_NAME = AppIcon;
				ASSETCATALOG_COMPILER_GLOBAL_ACCENT_COLOR_NAME = AccentColor;
				ASSETCATALOG_COMPILER_LAUNCHIMAGE_NAME = LaunchImage;
				CODE_SIGN_STYLE = Automatic;
				GCC_PRECOMPILE_PREFIX_HEADER = YES;
				GCC_PREFIX_HEADER = "$(SRCROOT)/test106/Classes/Tools/Common.pch";
				INFOPLIST_FILE = test106/Info.plist;
				LD_RUNPATH_SEARCH_PATHS = (
					"$(inherited)",
					"@executable_path/Frameworks",
				);
				MARKETING_VERSION = 1.1;
				PRODUCT_BUNDLE_IDENTIFIER = yihong.zhan.test106;
				PRODUCT_NAME = "$(TARGET_NAME)";
				TARGETED_DEVICE_FAMILY = 1;
			};
			name = Debug;
		};
		BC6F400B26F2E6710084B333 /* Release */ = {
			isa = XCBuildConfiguration;
			baseConfigurationReference = 4F21657A31F71749A2AA5597 /* Pods-test106.release.xcconfig */;
			buildSettings = {
				ASSETCATALOG_COMPILER_APPICON_NAME = AppIcon;
				ASSETCATALOG_COMPILER_GLOBAL_ACCENT_COLOR_NAME = AccentColor;
				ASSETCATALOG_COMPILER_LAUNCHIMAGE_NAME = LaunchImage;
				CODE_SIGN_STYLE = Automatic;
				GCC_PRECOMPILE_PREFIX_HEADER = YES;
				GCC_PREFIX_HEADER = "$(SRCROOT)/test106/Classes/Tools/Common.pch";
				INFOPLIST_FILE = test106/Info.plist;
				LD_RUNPATH_SEARCH_PATHS = (
					"$(inherited)",
					"@executable_path/Frameworks",
				);
				MARKETING_VERSION = 1.1;
				PRODUCT_BUNDLE_IDENTIFIER = yihong.zhan.test106;
				PRODUCT_NAME = "$(TARGET_NAME)";
				TARGETED_DEVICE_FAMILY = 1;
			};
			name = Release;
		};
/* End XCBuildConfiguration section */

/* Begin XCConfigurationList section */
		BC6F3FEB26F2E6700084B333 /* Build configuration list for PBXProject "test106" */ = {
			isa = XCConfigurationList;
			buildConfigurations = (
				BC6F400726F2E6710084B333 /* Debug */,
				BC6F400826F2E6710084B333 /* Release */,
			);
			defaultConfigurationIsVisible = 0;
			defaultConfigurationName = Release;
		};
		BC6F400926F2E6710084B333 /* Build configuration list for PBXNativeTarget "test106" */ = {
			isa = XCConfigurationList;
			buildConfigurations = (
				BC6F400A26F2E6710084B333 /* Debug */,
				BC6F400B26F2E6710084B333 /* Release */,
			);
			defaultConfigurationIsVisible = 0;
			defaultConfigurationName = Release;
		};
/* End XCConfigurationList section */
	};
	rootObject = BC6F3FE826F2E6700084B333 /* Project object */;
}
